
Microsoft Visual Studio Solution File, Format Version 12.00
# Visual Studio 15
VisualStudioVersion = 15.0.28010.2036
MinimumVisualStudioVersion = 10.0.40219.1
Project("{FAE04EC0-301F-11D3-BF4B-00C04F79EFBC}") = "t1708ENewWeb", "t1708ENewWeb\t1708ENewWeb.csproj", "{8E02A386-9881-4C49-8B15-4D41EF10CB60}"
EndProject
Global
	GlobalSection(SolutionConfigurationPlatforms) = preSolution
		Debug|Any CPU = Debug|Any CPU
		Release|Any CPU = Release|Any CPU
	EndGlobalSection
	GlobalSection(ProjectConfigurationPlatforms) = postSolution
		{8E02A386-9881-4C49-8B15-4D41EF10CB60}.Debug|Any CPU.ActiveCfg = Debug|Any CPU
		{8E02A386-9881-4C49-8B15-4D41EF10CB60}.Debug|Any CPU.Build.0 = Debug|Any CPU
		{8E02A386-9881-4C49-8B15-4D41EF10CB60}.Release|Any CPU.ActiveCfg = Release|Any CPU
		{8E02A386-9881-4C49-8B15-4D41EF10CB60}.Release|Any CPU.Build.0 = Release|Any CPU
	EndGlobalSection
	GlobalSection(SolutionProperties) = preSolution
		HideSolutionNode = FALSE
	EndGlobalSection
	GlobalSection(ExtensibilityGlobals) = postSolution
		SolutionGuid = {1A6DA2BD-9B36-4267-9296-43EB0FF281B6}
	EndGlobalSection
EndGlobal
